
Microsoft Visual Studio Solution File, Format Version 12.00
# Visual Studio Express 2013 for Windows Desktop
VisualStudioVersion = 12.0.31101.0
MinimumVisualStudioVersion = 10.0.40219.1
Project("{8BC9CEB8-8B4A-11D0-8D11-00A0C91BC942}") = "Assignment1", "Assignment1\Assignment1.vcxproj", "{A0879127-FCFF-4D11-A624-C613BFC20D47}"
EndProject
Project("{8BC9CEB8-8B4A-11D0-8D11-00A0C91BC942}") = "GasStationComputer", "GasStationComputer\GasStationComputer.vcxproj", "{B1604801-5D87-49CF-9769-A2AC87550089}"
EndProject
Project("{8BC9CEB8-8B4A-11D0-8D11-00A0C91BC942}") = "PumpIO", "PumpIO\PumpIO.vcxproj", "{EEDA4B7E-9BD2-4D09-A271-A1F62EA1BF42}"
EndProject
Global
	GlobalSection(SolutionConfigurationPlatforms) = preSolution
		Debug|Win32 = Debug|Win32
		Release|Win32 = Release|Win32
	EndGlobalSection
	GlobalSection(ProjectConfigurationPlatforms) = postSolution
		{A0879127-FCFF-4D11-A624-C613BFC20D47}.Debug|Win32.ActiveCfg = Debug|Win32
		{A0879127-FCFF-4D11-A624-C613BFC20D47}.Debug|Win32.Build.0 = Debug|Win32
		{A0879127-FCFF-4D11-A624-C613BFC20D47}.Release|Win32.ActiveCfg = Release|Win32
		{A0879127-FCFF-4D11-A624-C613BFC20D47}.Release|Win32.Build.0 = Release|Win32
		{B1604801-5D87-49CF-9769-A2AC87550089}.Debug|Win32.ActiveCfg = Debug|Win32
		{B1604801-5D87-49CF-9769-A2AC87550089}.Debug|Win32.Build.0 = Debug|Win32
		{B1604801-5D87-49CF-9769-A2AC87550089}.Release|Win32.ActiveCfg = Release|Win32
		{B1604801-5D87-49CF-9769-A2AC87550089}.Release|Win32.Build.0 = Release|Win32
		{EEDA4B7E-9BD2-4D09-A271-A1F62EA1BF42}.Debug|Win32.ActiveCfg = Debug|Win32
		{EEDA4B7E-9BD2-4D09-A271-A1F62EA1BF42}.Debug|Win32.Build.0 = Debug|Win32
		{EEDA4B7E-9BD2-4D09-A271-A1F62EA1BF42}.Release|Win32.ActiveCfg = Release|Win32
		{EEDA4B7E-9BD2-4D09-A271-A1F62EA1BF42}.Release|Win32.Build.0 = Release|Win32
	EndGlobalSection
	GlobalSection(SolutionProperties) = preSolution
		HideSolutionNode = FALSE
	EndGlobalSection
EndGlobal
